
Microsoft Visual Studio Solution File, Format Version 12.00
# Visual Studio Version 16
VisualStudioVersion = 16.0.29709.97
MinimumVisualStudioVersion = 10.0.40219.1
Project("{FAE04EC0-301F-11D3-BF4B-00C04F79EFBC}") = "CommonCollection.WindowsHost", "CommonCollection.WindowsHost\CommonCollection.WindowsHost.csproj", "{686CFBED-7B09-404E-94EE-59ED2E9A2E37}"
EndProject
Global
	GlobalSection(SolutionConfigurationPlatforms) = preSolution
		Debug|Any CPU = Debug|Any CPU
		Release|Any CPU = Release|Any CPU
	EndGlobalSection
	GlobalSection(ProjectConfigurationPlatforms) = postSolution
		{686CFBED-7B09-404E-94EE-59ED2E9A2E37}.Debug|Any CPU.ActiveCfg = Debug|Any CPU
		{686CFBED-7B09-404E-94EE-59ED2E9A2E37}.Debug|Any CPU.Build.0 = Debug|Any CPU
		{686CFBED-7B09-404E-94EE-59ED2E9A2E37}.Release|Any CPU.ActiveCfg = Release|Any CPU
		{686CFBED-7B09-404E-94EE-59ED2E9A2E37}.Release|Any CPU.Build.0 = Release|Any CPU
	EndGlobalSection
	GlobalSection(SolutionProperties) = preSolution
		HideSolutionNode = FALSE
	EndGlobalSection
	GlobalSection(ExtensibilityGlobals) = postSolution
		SolutionGuid = {EDB67C43-53BA-4F26-8FC8-003AAB4394D7}
	EndGlobalSection
EndGlobal
